
Microsoft Visual Studio Solution File, Format Version 12.00
# Visual Studio 2013
VisualStudioVersion = 12.0.21005.1
MinimumVisualStudioVersion = 10.0.40219.1
Project("{FAE04EC0-301F-11D3-BF4B-00C04F79EFBC}") = "OutlookInspiredApp.Repository", "OutlookInspiredApp.Repository\OutlookInspiredApp.Repository.csproj", "{392B31A6-7392-4DBF-BB02-589AB3207660}"
EndProject
Project("{FAE04EC0-301F-11D3-BF4B-00C04F79EFBC}") = "OutlookInspiredApp.Service", "OutlookInspiredApp.Service\OutlookInspiredApp.Service.csproj", "{4215B7C9-43D5-443B-B9B1-48EC11681BBC}"
EndProject
Project("{FAE04EC0-301F-11D3-BF4B-00C04F79EFBC}") = "TelerikOutlookInspiredApp", "OutlookInspiredApp.Client\TelerikOutlookInspiredApp.csproj", "{36608C30-69C0-4BD1-9770-04A8C2C155F4}"
EndProject
Global 
	GlobalSection(SolutionConfigurationPlatforms) = preSolution
		Debug.NoXaml|Any CPU = Debug.NoXaml|Any CPU
		Debug|Any CPU = Debug|Any CPU
		Debug45.NoXaml|Any CPU = Debug45.NoXaml|Any CPU
		Debug45|Any CPU = Debug45|Any CPU
		Debug451.NoXaml|Any CPU = Debug451.NoXaml|Any CPU
		Debug451|Any CPU = Debug451|Any CPU
		Release.NoXaml|Any CPU = Release.NoXaml|Any CPU
		Release|Any CPU = Release|Any CPU
		Release45.NoXaml|Any CPU = Release45.NoXaml|Any CPU
		Release45|Any CPU = Release45|Any CPU
		Release451.NoXaml|Any CPU = Release451.NoXaml|Any CPU
		Release451|Any CPU = Release451|Any CPU
		ReleaseNoCA|Any CPU = ReleaseNoCA|Any CPU
		ReleaseTrial.NoXaml|Any CPU = ReleaseTrial.NoXaml|Any CPU
		ReleaseTrial|Any CPU = ReleaseTrial|Any CPU
		ReleaseTrial45.NoXaml|Any CPU = ReleaseTrial45.NoXaml|Any CPU
		ReleaseTrial45|Any CPU = ReleaseTrial45|Any CPU
		ReleaseTrial451.NoXaml|Any CPU = ReleaseTrial451.NoXaml|Any CPU
		ReleaseTrial451|Any CPU = ReleaseTrial451|Any CPU
	EndGlobalSection
	GlobalSection(ProjectConfigurationPlatforms) = postSolution
		{392B31A6-7392-4DBF-BB02-589AB3207660}.Debug.NoXaml|Any CPU.ActiveCfg = Debug|Any CPU
		{392B31A6-7392-4DBF-BB02-589AB3207660}.Debug.NoXaml|Any CPU.Build.0 = Debug|Any CPU
		{392B31A6-7392-4DBF-BB02-589AB3207660}.Debug|Any CPU.ActiveCfg = Debug|Any CPU
		{392B31A6-7392-4DBF-BB02-589AB3207660}.Debug|Any CPU.Build.0 = Debug|Any CPU
		{392B31A6-7392-4DBF-BB02-589AB3207660}.Debug45.NoXaml|Any CPU.ActiveCfg = Debug|Any CPU
		{392B31A6-7392-4DBF-BB02-589AB3207660}.Debug45.NoXaml|Any CPU.Build.0 = Debug|Any CPU
		{392B31A6-7392-4DBF-BB02-589AB3207660}.Debug45|Any CPU.ActiveCfg = Debug|Any CPU
		{392B31A6-7392-4DBF-BB02-589AB3207660}.Debug45|Any CPU.Build.0 = Debug|Any CPU
		{392B31A6-7392-4DBF-BB02-589AB3207660}.Debug451.NoXaml|Any CPU.ActiveCfg = Debug|Any CPU
		{392B31A6-7392-4DBF-BB02-589AB3207660}.Debug451.NoXaml|Any CPU.Build.0 = Debug|Any CPU
		{392B31A6-7392-4DBF-BB02-589AB3207660}.Debug451|Any CPU.ActiveCfg = Debug|Any CPU
		{392B31A6-7392-4DBF-BB02-589AB3207660}.Debug451|Any CPU.Build.0 = Debug|Any CPU
		{392B31A6-7392-4DBF-BB02-589AB3207660}.Release.NoXaml|Any CPU.ActiveCfg = Release|Any CPU
		{392B31A6-7392-4DBF-BB02-589AB3207660}.Release.NoXaml|Any CPU.Build.0 = Release|Any CPU
		{392B31A6-7392-4DBF-BB02-589AB3207660}.Release|Any CPU.ActiveCfg = Release|Any CPU
		{392B31A6-7392-4DBF-BB02-589AB3207660}.Release|Any CPU.Build.0 = Release|Any CPU
		{392B31A6-7392-4DBF-BB02-589AB3207660}.Release45.NoXaml|Any CPU.ActiveCfg = Release|Any CPU
		{392B31A6-7392-4DBF-BB02-589AB3207660}.Release45.NoXaml|Any CPU.Build.0 = Release|Any CPU
		{392B31A6-7392-4DBF-BB02-589AB3207660}.Release45|Any CPU.ActiveCfg = Release|Any CPU
		{392B31A6-7392-4DBF-BB02-589AB3207660}.Release45|Any CPU.Build.0 = Release|Any CPU
		{392B31A6-7392-4DBF-BB02-589AB3207660}.Release451.NoXaml|Any CPU.ActiveCfg = Release|Any CPU
		{392B31A6-7392-4DBF-BB02-589AB3207660}.Release451.NoXaml|Any CPU.Build.0 = Release|Any CPU
		{392B31A6-7392-4DBF-BB02-589AB3207660}.Release451|Any CPU.ActiveCfg = Release|Any CPU
		{392B31A6-7392-4DBF-BB02-589AB3207660}.Release451|Any CPU.Build.0 = Release|Any CPU
		{392B31A6-7392-4DBF-BB02-589AB3207660}.ReleaseNoCA|Any CPU.ActiveCfg = Release|Any CPU
		{392B31A6-7392-4DBF-BB02-589AB3207660}.ReleaseNoCA|Any CPU.Build.0 = Release|Any CPU
		{392B31A6-7392-4DBF-BB02-589AB3207660}.ReleaseTrial.NoXaml|Any CPU.ActiveCfg = Release|Any CPU
		{392B31A6-7392-4DBF-BB02-589AB3207660}.ReleaseTrial.NoXaml|Any CPU.Build.0 = Release|Any CPU
		{392B31A6-7392-4DBF-BB02-589AB3207660}.ReleaseTrial|Any CPU.ActiveCfg = Release|Any CPU
		{392B31A6-7392-4DBF-BB02-589AB3207660}.ReleaseTrial|Any CPU.Build.0 = Release|Any CPU
		{392B31A6-7392-4DBF-BB02-589AB3207660}.ReleaseTrial45.NoXaml|Any CPU.ActiveCfg = Release|Any CPU
		{392B31A6-7392-4DBF-BB02-589AB3207660}.ReleaseTrial45.NoXaml|Any CPU.Build.0 = Release|Any CPU
		{392B31A6-7392-4DBF-BB02-589AB3207660}.ReleaseTrial45|Any CPU.ActiveCfg = Release|Any CPU
		{392B31A6-7392-4DBF-BB02-589AB3207660}.ReleaseTrial45|Any CPU.Build.0 = Release|Any CPU
		{392B31A6-7392-4DBF-BB02-589AB3207660}.ReleaseTrial451.NoXaml|Any CPU.ActiveCfg = Release|Any CPU
		{392B31A6-7392-4DBF-BB02-589AB3207660}.ReleaseTrial451.NoXaml|Any CPU.Build.0 = Release|Any CPU
		{392B31A6-7392-4DBF-BB02-589AB3207660}.ReleaseTrial451|Any CPU.ActiveCfg = Release|Any CPU
		{392B31A6-7392-4DBF-BB02-589AB3207660}.ReleaseTrial451|Any CPU.Build.0 = Release|Any CPU
		{4215B7C9-43D5-443B-B9B1-48EC11681BBC}.Debug.NoXaml|Any CPU.ActiveCfg = Debug|Any CPU
		{4215B7C9-43D5-443B-B9B1-48EC11681BBC}.Debug.NoXaml|Any CPU.Build.0 = Debug|Any CPU
		{4215B7C9-43D5-443B-B9B1-48EC11681BBC}.Debug|Any CPU.ActiveCfg = Debug|Any CPU
		{4215B7C9-43D5-443B-B9B1-48EC11681BBC}.Debug|Any CPU.Build.0 = Debug|Any CPU
		{4215B7C9-43D5-443B-B9B1-48EC11681BBC}.Debug45.NoXaml|Any CPU.ActiveCfg = Debug|Any CPU
		{4215B7C9-43D5-443B-B9B1-48EC11681BBC}.Debug45.NoXaml|Any CPU.Build.0 = Debug|Any CPU
		{4215B7C9-43D5-443B-B9B1-48EC11681BBC}.Debug45|Any CPU.ActiveCfg = Debug|Any CPU
		{4215B7C9-43D5-443B-B9B1-48EC11681BBC}.Debug45|Any CPU.Build.0 = Debug|Any CPU
		{4215B7C9-43D5-443B-B9B1-48EC11681BBC}.Debug451.NoXaml|Any CPU.ActiveCfg = Debug|Any CPU
		{4215B7C9-43D5-443B-B9B1-48EC11681BBC}.Debug451.NoXaml|Any CPU.Build.0 = Debug|Any CPU
		{4215B7C9-43D5-443B-B9B1-48EC11681BBC}.Debug451|Any CPU.ActiveCfg = Debug|Any CPU
		{4215B7C9-43D5-443B-B9B1-48EC11681BBC}.Debug451|Any CPU.Build.0 = Debug|Any CPU
		{4215B7C9-43D5-443B-B9B1-48EC11681BBC}.Release.NoXaml|Any CPU.ActiveCfg = Release|Any CPU
		{4215B7C9-43D5-443B-B9B1-48EC11681BBC}.Release.NoXaml|Any CPU.Build.0 = Release|Any CPU
		{4215B7C9-43D5-443B-B9B1-48EC11681BBC}.Release|Any CPU.ActiveCfg = Release|Any CPU
		{4215B7C9-43D5-443B-B9B1-48EC11681BBC}.Release|Any CPU.Build.0 = Release|Any CPU
		{4215B7C9-43D5-443B-B9B1-48EC11681BBC}.Release45.NoXaml|Any CPU.ActiveCfg = Release|Any CPU
		{4215B7C9-43D5-443B-B9B1-48EC11681BBC}.Release45.NoXaml|Any CPU.Build.0 = Release|Any CPU
		{4215B7C9-43D5-443B-B9B1-48EC11681BBC}.Release45|Any CPU.ActiveCfg = Release|Any CPU
		{4215B7C9-43D5-443B-B9B1-48EC11681BBC}.Release45|Any CPU.Build.0 = Release|Any CPU
		{4215B7C9-43D5-443B-B9B1-48EC11681BBC}.Release451.NoXaml|Any CPU.ActiveCfg = Release|Any CPU
		{4215B7C9-43D5-443B-B9B1-48EC11681BBC}.Release451.NoXaml|Any CPU.Build.0 = Release|Any CPU
		{4215B7C9-43D5-443B-B9B1-48EC11681BBC}.Release451|Any CPU.ActiveCfg = Release|Any CPU
		{4215B7C9-43D5-443B-B9B1-48EC11681BBC}.Release451|Any CPU.Build.0 = Release|Any CPU
		{4215B7C9-43D5-443B-B9B1-48EC11681BBC}.ReleaseNoCA|Any CPU.ActiveCfg = Release|Any CPU
		{4215B7C9-43D5-443B-B9B1-48EC11681BBC}.ReleaseNoCA|Any CPU.Build.0 = Release|Any CPU
		{4215B7C9-43D5-443B-B9B1-48EC11681BBC}.ReleaseTrial.NoXaml|Any CPU.ActiveCfg = Release|Any CPU
		{4215B7C9-43D5-443B-B9B1-48EC11681BBC}.ReleaseTrial.NoXaml|Any CPU.Build.0 = Release|Any CPU
		{4215B7C9-43D5-443B-B9B1-48EC11681BBC}.ReleaseTrial|Any CPU.ActiveCfg = Release|Any CPU
		{4215B7C9-43D5-443B-B9B1-48EC11681BBC}.ReleaseTrial|Any CPU.Build.0 = Release|Any CPU
		{4215B7C9-43D5-443B-B9B1-48EC11681BBC}.ReleaseTrial45.NoXaml|Any CPU.ActiveCfg = Release|Any CPU
		{4215B7C9-43D5-443B-B9B1-48EC11681BBC}.ReleaseTrial45.NoXaml|Any CPU.Build.0 = Release|Any CPU
		{4215B7C9-43D5-443B-B9B1-48EC11681BBC}.ReleaseTrial45|Any CPU.ActiveCfg = Release|Any CPU
		{4215B7C9-43D5-443B-B9B1-48EC11681BBC}.ReleaseTrial45|Any CPU.Build.0 = Release|Any CPU
		{4215B7C9-43D5-443B-B9B1-48EC11681BBC}.ReleaseTrial451.NoXaml|Any CPU.ActiveCfg = Release|Any CPU
		{4215B7C9-43D5-443B-B9B1-48EC11681BBC}.ReleaseTrial451.NoXaml|Any CPU.Build.0 = Release|Any CPU
		{4215B7C9-43D5-443B-B9B1-48EC11681BBC}.ReleaseTrial451|Any CPU.ActiveCfg = Release|Any CPU
		{4215B7C9-43D5-443B-B9B1-48EC11681BBC}.ReleaseTrial451|Any CPU.Build.0 = Release|Any CPU
		{36608C30-69C0-4BD1-9770-04A8C2C155F4}.Debug.NoXaml|Any CPU.ActiveCfg = Debug|Any CPU
		{36608C30-69C0-4BD1-9770-04A8C2C155F4}.Debug.NoXaml|Any CPU.Build.0 = Debug|Any CPU
		{36608C30-69C0-4BD1-9770-04A8C2C155F4}.Debug|Any CPU.ActiveCfg = Debug|Any CPU
		{36608C30-69C0-4BD1-9770-04A8C2C155F4}.Debug|Any CPU.Build.0 = Debug|Any CPU
		{36608C30-69C0-4BD1-9770-04A8C2C155F4}.Debug45.NoXaml|Any CPU.ActiveCfg = Debug|Any CPU
		{36608C30-69C0-4BD1-9770-04A8C2C155F4}.Debug45.NoXaml|Any CPU.Build.0 = Debug|Any CPU
		{36608C30-69C0-4BD1-9770-04A8C2C155F4}.Debug45|Any CPU.ActiveCfg = Debug|Any CPU
		{36608C30-69C0-4BD1-9770-04A8C2C155F4}.Debug45|Any CPU.Build.0 = Debug|Any CPU
		{36608C30-69C0-4BD1-9770-04A8C2C155F4}.Debug451.NoXaml|Any CPU.ActiveCfg = Debug|Any CPU
		{36608C30-69C0-4BD1-9770-04A8C2C155F4}.Debug451.NoXaml|Any CPU.Build.0 = Debug|Any CPU
		{36608C30-69C0-4BD1-9770-04A8C2C155F4}.Debug451|Any CPU.ActiveCfg = Debug|Any CPU
		{36608C30-69C0-4BD1-9770-04A8C2C155F4}.Debug451|Any CPU.Build.0 = Debug|Any CPU
		{36608C30-69C0-4BD1-9770-04A8C2C155F4}.Release.NoXaml|Any CPU.ActiveCfg = Release|Any CPU
		{36608C30-69C0-4BD1-9770-04A8C2C155F4}.Release.NoXaml|Any CPU.Build.0 = Release|Any CPU
		{36608C30-69C0-4BD1-9770-04A8C2C155F4}.Release|Any CPU.ActiveCfg = Release|Any CPU
		{36608C30-69C0-4BD1-9770-04A8C2C155F4}.Release|Any CPU.Build.0 = Release|Any CPU
		{36608C30-69C0-4BD1-9770-04A8C2C155F4}.Release45.NoXaml|Any CPU.ActiveCfg = Release|Any CPU
		{36608C30-69C0-4BD1-9770-04A8C2C155F4}.Release45.NoXaml|Any CPU.Build.0 = Release|Any CPU
		{36608C30-69C0-4BD1-9770-04A8C2C155F4}.Release45|Any CPU.ActiveCfg = Release|Any CPU
		{36608C30-69C0-4BD1-9770-04A8C2C155F4}.Release45|Any CPU.Build.0 = Release|Any CPU
		{36608C30-69C0-4BD1-9770-04A8C2C155F4}.Release451.NoXaml|Any CPU.ActiveCfg = Release|Any CPU
		{36608C30-69C0-4BD1-9770-04A8C2C155F4}.Release451.NoXaml|Any CPU.Build.0 = Release|Any CPU
		{36608C30-69C0-4BD1-9770-04A8C2C155F4}.Release451|Any CPU.ActiveCfg = Release|Any CPU
		{36608C30-69C0-4BD1-9770-04A8C2C155F4}.Release451|Any CPU.Build.0 = Release|Any CPU
		{36608C30-69C0-4BD1-9770-04A8C2C155F4}.ReleaseNoCA|Any CPU.ActiveCfg = Release|Any CPU
		{36608C30-69C0-4BD1-9770-04A8C2C155F4}.ReleaseNoCA|Any CPU.Build.0 = Release|Any CPU
		{36608C30-69C0-4BD1-9770-04A8C2C155F4}.ReleaseTrial.NoXaml|Any CPU.ActiveCfg = Release|Any CPU
		{36608C30-69C0-4BD1-9770-04A8C2C155F4}.ReleaseTrial.NoXaml|Any CPU.Build.0 = Release|Any CPU
		{36608C30-69C0-4BD1-9770-04A8C2C155F4}.ReleaseTrial|Any CPU.ActiveCfg = Release|Any CPU
		{36608C30-69C0-4BD1-9770-04A8C2C155F4}.ReleaseTrial|Any CPU.Build.0 = Release|Any CPU
		{36608C30-69C0-4BD1-9770-04A8C2C155F4}.ReleaseTrial45.NoXaml|Any CPU.ActiveCfg = Release|Any CPU
		{36608C30-69C0-4BD1-9770-04A8C2C155F4}.ReleaseTrial45.NoXaml|Any CPU.Build.0 = Release|Any CPU
		{36608C30-69C0-4BD1-9770-04A8C2C155F4}.ReleaseTrial45|Any CPU.ActiveCfg = Release|Any CPU
		{36608C30-69C0-4BD1-9770-04A8C2C155F4}.ReleaseTrial45|Any CPU.Build.0 = Release|Any CPU
		{36608C30-69C0-4BD1-9770-04A8C2C155F4}.ReleaseTrial451.NoXaml|Any CPU.ActiveCfg = Release|Any CPU
		{36608C30-69C0-4BD1-9770-04A8C2C155F4}.ReleaseTrial451.NoXaml|Any CPU.Build.0 = Release|Any CPU
		{36608C30-69C0-4BD1-9770-04A8C2C155F4}.ReleaseTrial451|Any CPU.ActiveCfg = Release|Any CPU
		{36608C30-69C0-4BD1-9770-04A8C2C155F4}.ReleaseTrial451|Any CPU.Build.0 = Release|Any CPU
	EndGlobalSection
	GlobalSection(SolutionProperties) = preSolution
		HideSolutionNode = FALSE
	EndGlobalSection
EndGlobal
